
Microsoft Visual Studio Solution File, Format Version 12.00
# Visual Studio Version 17
VisualStudioVersion = 17.2.32519.379
MinimumVisualStudioVersion = 10.0.40219.1
Project("{FAE04EC0-301F-11D3-BF4B-00C04F79EFBC}") = "Calculator(Number System Converter)", "Calculator(Number System Converter)\Calculator(Number System Converter).csproj", "{B3AA5CFC-B94C-4FC3-9218-37F1663652D1}"
EndProject
Global
	GlobalSection(SolutionConfigurationPlatforms) = preSolution
		Debug|Any CPU = Debug|Any CPU
		Release|Any CPU = Release|Any CPU
	EndGlobalSection
	GlobalSection(ProjectConfigurationPlatforms) = postSolution
		{B3AA5CFC-B94C-4FC3-9218-37F1663652D1}.Debug|Any CPU.ActiveCfg = Debug|Any CPU
		{B3AA5CFC-B94C-4FC3-9218-37F1663652D1}.Debug|Any CPU.Build.0 = Debug|Any CPU
		{B3AA5CFC-B94C-4FC3-9218-37F1663652D1}.Release|Any CPU.ActiveCfg = Release|Any CPU
		{B3AA5CFC-B94C-4FC3-9218-37F1663652D1}.Release|Any CPU.Build.0 = Release|Any CPU
	EndGlobalSection
	GlobalSection(SolutionProperties) = preSolution
		HideSolutionNode = FALSE
	EndGlobalSection
	GlobalSection(ExtensibilityGlobals) = postSolution
		SolutionGuid = {89ECB1C0-BEA4-484F-9EAB-F621C871F967}
	EndGlobalSection
EndGlobal
